
Microsoft Visual Studio Solution File, Format Version 12.00
# Visual Studio Version 16
VisualStudioVersion = 16.0.29311.281
MinimumVisualStudioVersion = 10.0.40219.1
Project("{9A19103F-16F7-4668-BE54-9A1E7A4F7556}") = "LogoFX.Client.Testing.EndToEnd.White.NETCore", "LogoFX.Client.Testing.EndToEnd.White\netcore\LogoFX.Client.Testing.EndToEnd.White.NETCore.csproj", "{FCAEFB17-BAE8-44EC-8FFE-01D9A7C38557}"
EndProject
Project("{FAE04EC0-301F-11D3-BF4B-00C04F79EFBC}") = "LogoFX.Client.Testing.EndToEnd.White.NETFramework", "LogoFX.Client.Testing.EndToEnd.White\netframework\LogoFX.Client.Testing.EndToEnd.White.NETFramework.csproj", "{AA42133C-EDC2-4A33-836E-08E0FC499461}"
EndProject
Global
	GlobalSection(SolutionConfigurationPlatforms) = preSolution
		Debug|Any CPU = Debug|Any CPU
		Release|Any CPU = Release|Any CPU
	EndGlobalSection
	GlobalSection(ProjectConfigurationPlatforms) = postSolution
		{FCAEFB17-BAE8-44EC-8FFE-01D9A7C38557}.Debug|Any CPU.ActiveCfg = Debug|Any CPU
		{FCAEFB17-BAE8-44EC-8FFE-01D9A7C38557}.Debug|Any CPU.Build.0 = Debug|Any CPU
		{FCAEFB17-BAE8-44EC-8FFE-01D9A7C38557}.Release|Any CPU.ActiveCfg = Release|Any CPU
		{FCAEFB17-BAE8-44EC-8FFE-01D9A7C38557}.Release|Any CPU.Build.0 = Release|Any CPU
		{AA42133C-EDC2-4A33-836E-08E0FC499461}.Debug|Any CPU.ActiveCfg = Debug|Any CPU
		{AA42133C-EDC2-4A33-836E-08E0FC499461}.Debug|Any CPU.Build.0 = Debug|Any CPU
		{AA42133C-EDC2-4A33-836E-08E0FC499461}.Release|Any CPU.ActiveCfg = Release|Any CPU
		{AA42133C-EDC2-4A33-836E-08E0FC499461}.Release|Any CPU.Build.0 = Release|Any CPU
	EndGlobalSection
	GlobalSection(SolutionProperties) = preSolution
		HideSolutionNode = FALSE
	EndGlobalSection
	GlobalSection(ExtensibilityGlobals) = postSolution
		SolutionGuid = {279895CD-E8A6-4969-90CD-5431FD8BE655}
	EndGlobalSection
EndGlobal
